GDK_PROTON_REPOSITORY=Weather-OS/GDK-Proton
GDK_PROTON_RELEASE=release10-32
GDK_PROTON_ASSET=GDK-Proton10-32.tar.gz
GDK_PROTON_URL=https://github.com/Weather-OS/GDK-Proton/releases/download/release10-32/GDK-Proton10-32.tar.gz
GDK_PROTON_SHA256=1e80f4e714f877f42101d5775bd38ca0a15a38d304e24af1f15c6deec4ebac2d
DXVK_VERSION=3.0.1
DXVK_ASSET=dxvk-3.0.1.tar.gz
DXVK_URL=https://github.com/doitsujin/dxvk/releases/download/v3.0.1/dxvk-3.0.1.tar.gz
DXVK_SHA256=bebb6284db590535b7b005c102ebf6850c98842cff0fded9aacb74babae14c49
VKD3D_PROTON_VERSION=3.0.1-nv-dgc
VKD3D_PROTON_ASSET=vkd3d-universal-3.0.1-nv-dgc.tar.gz
VKD3D_PROTON_URL=https://github.com/Wyze3306/BedrockOnLinux/releases/download/vkd3d-3.0.1-nv-dgc/vkd3d-universal-3.0.1-nv-dgc.tar.gz
VKD3D_PROTON_SHA256=feefc56e74dbebf346f60b1653dc7057f6fc58855c60cee1971ed3921ce5178c
DEBIAN_IMAGE=debian:bullseye@sha256:6cb68b1be980a0e5b19be25582b34b5cf9cb466d52d08ab4354b79051f2cd298
DEBIAN_SNAPSHOT=20260701T000000Z
STEAM_RUNTIME_IMAGE=registry.gitlab.steamos.cloud/steamrt/sniper/platform@sha256:ab8bb63cd74743bfd7fbc2116c77055a077a59004b6f91455f6243ef931f95b1
GLIBC_CEILING=2.31
