GDK_PROTON_REPOSITORY=Weather-OS/GDK-Proton
GDK_PROTON_RELEASE=release10-32
GDK_PROTON_ASSET=GDK-Proton10-32.tar.gz
GDK_PROTON_URL=https://github.com/Weather-OS/GDK-Proton/releases/download/release10-32/GDK-Proton10-32.tar.gz
GDK_PROTON_SHA256=1e80f4e714f877f42101d5775bd38ca0a15a38d304e24af1f15c6deec4ebac2d
DXVK_PIN=GDK-Proton10-32@sha256:1e80f4e714f877f42101d5775bd38ca0a15a38d304e24af1f15c6deec4ebac2d
VKD3D_PROTON_PIN=GDK-Proton10-32@sha256:1e80f4e714f877f42101d5775bd38ca0a15a38d304e24af1f15c6deec4ebac2d
DEBIAN_IMAGE=debian:bullseye@sha256:6cb68b1be980a0e5b19be25582b34b5cf9cb466d52d08ab4354b79051f2cd298
DEBIAN_SNAPSHOT=20260701T000000Z
STEAM_RUNTIME_IMAGE=registry.gitlab.steamos.cloud/steamrt/sniper/platform@sha256:ab8bb63cd74743bfd7fbc2116c77055a077a59004b6f91455f6243ef931f95b1
GLIBC_CEILING=2.31
